{
  "name": "@cityssm/bulma-webapp-css",
  "version": "0.6.0",
  "lockfileVersion": 1,
  "requires": true,
  "dependencies": {
    "@cityssm/bulma-a11y": {
      "version": "0.2.0",
      "resolved": "https://registry.npmjs.org/@cityssm/bulma-a11y/-/bulma-a11y-0.2.0.tgz",
      "integrity": "sha512-jdbPL7sFP1Rk2/ur4UstqvQ+dfrdYkWslD/4HeK8XtMu/gr0Nxs9mkEkSMmBGYvZcIhXXY8B5SImqANthmQo4g==",
      "dev": true
    },
    "@cityssm/bulma-cool-checkboxes": {
      "version": "1.1.1",
      "resolved": "https://registry.npmjs.org/@cityssm/bulma-cool-checkboxes/-/bulma-cool-checkboxes-1.1.1.tgz",
      "integrity": "sha512-GPNdOpuOYu/ogyLo/4nBu5Htl0H+NUYe1khQ6L0AAhGiPZ4AdXdZgaXArD1MxtoVNv6F/7qztQ6ArYpfFTlBZg==",
      "requires": {
        "bulma": "^0.9.0"
      }
    },
    "@cityssm/simple-fa5-checkbox": {
      "version": "0.2.1",
      "resolved": "https://registry.npmjs.org/@cityssm/simple-fa5-checkbox/-/simple-fa5-checkbox-0.2.1.tgz",
      "integrity": "sha512-0/jrhjpjbazae/qvEa2WmzzmAtQ0lLHb7NrNcPvqfxrbbFhKuGRkF/4LvhofiXL/oS+n8Tex/tu97cylvj/UMA=="
    },
    "bulma": {
      "version": "0.9.1",
      "resolved": "https://registry.npmjs.org/bulma/-/bulma-0.9.1.tgz",
      "integrity": "sha512-LSF69OumXg2HSKl2+rN0/OEXJy7WFEb681wtBlNS/ulJYR27J3rORHibdXZ6GVb/vyUzzYK/Arjyh56wjbFedA=="
    },
    "bulma-divider": {
      "version": "0.2.0",
      "resolved": "https://registry.npmjs.org/bulma-divider/-/bulma-divider-0.2.0.tgz",
      "integrity": "sha512-REe3k56GECRfDaqFjC8cwLhV4RxXmV0RubuzDJqwior9wlJcdHlN0qfW0tvUX+qphikaTQegIeRuhjRIAqkjkw=="
    },
    "bulma-helpers": {
      "version": "0.3.12",
      "resolved": "https://registry.npmjs.org/bulma-helpers/-/bulma-helpers-0.3.12.tgz",
      "integrity": "sha512-FHF3rYdVwn7cUE/u6zscozc38+JFBdcKM0d+WQf3btNs47zKStc2mabV3ab3WZ+gYU4a992Or0cCwA/2vkLJ0A=="
    },
    "bulma-steps": {
      "version": "2.2.1",
      "resolved": "https://registry.npmjs.org/bulma-steps/-/bulma-steps-2.2.1.tgz",
      "integrity": "sha512-fD50xz49zPVAfsRNcwBR7rd1lgNdKrcsIXAfVMwMH9A6iDhauOTkiEJOxXj4xZuW/CI6JpV+fCgj5uIuN1lP3Q=="
    },
    "bulma-switch": {
      "version": "2.0.0",
      "resolved": "https://registry.npmjs.org/bulma-switch/-/bulma-switch-2.0.0.tgz",
      "integrity": "sha512-myD38zeUfjmdduq+pXabhJEe3x2hQP48l/OI+Y0fO3HdDynZUY/VJygucvEAJKRjr4HxD5DnEm4yx+oDOBXpAA=="
    },
    "bulma-tooltip": {
      "version": "3.0.2",
      "resolved": "https://registry.npmjs.org/bulma-tooltip/-/bulma-tooltip-3.0.2.tgz",
      "integrity": "sha512-CsT3APjhlZScskFg38n8HYL8oYNUHQtcu4sz6ERarxkUpBRbk9v0h/5KAvXeKapVSn2dp9l7bOGit5SECP8EWQ=="
    }
  }
}
