{
  "name": "@cityssm/bulma-webapp-css",
  "version": "0.10.0",
  "lockfileVersion": 2,
  "requires": true,
  "packages": {
    "": {
      "name": "@cityssm/bulma-webapp-css",
      "version": "0.10.0",
      "license": "MIT",
      "devDependencies": {
        "@cityssm/bulma-a11y": "^0.4.0",
        "@cityssm/bulma-sticky-table": "^1.3.0",
        "@cityssm/simple-fa5-checkbox": "^0.2.1",
        "bulma": "^0.9.3",
        "bulma-divider": "^0.2.0",
        "bulma-helpers": "^0.4.2",
        "bulma-steps": "^2.2.1",
        "bulma-switch": "^2.0.0",
        "bulma-tooltip": "^3.0.2"
      }
    },
    "node_modules/@cityssm/bulma-a11y": {
      "version": "0.4.0",
      "resolved": "https://registry.npmjs.org/@cityssm/bulma-a11y/-/bulma-a11y-0.4.0.tgz",
      "integrity": "sha512-IZU3D6ZUPvWPVRo4uQ4jDeKZYqiPOQS38MBPu5qPsEUT9QJuXavyeE46nb0EDtjtqmv1dMQjGKa7calA/01ofA==",
      "dev": true
    },
    "node_modules/@cityssm/bulma-sticky-table": {
      "version": "1.3.0",
      "resolved": "https://registry.npmjs.org/@cityssm/bulma-sticky-table/-/bulma-sticky-table-1.3.0.tgz",
      "integrity": "sha512-1oCATL20SxYwH5iCmq+H7dDH5qHjPTqcpvvoBKZFThd2wEa+kVYyQWRdQrP79MAWik14KmfXA6xAACwdzwpiQg==",
      "dev": true
    },
    "node_modules/@cityssm/simple-fa5-checkbox": {
      "version": "0.2.1",
      "resolved": "https://registry.npmjs.org/@cityssm/simple-fa5-checkbox/-/simple-fa5-checkbox-0.2.1.tgz",
      "integrity": "sha512-0/jrhjpjbazae/qvEa2WmzzmAtQ0lLHb7NrNcPvqfxrbbFhKuGRkF/4LvhofiXL/oS+n8Tex/tu97cylvj/UMA==",
      "dev": true
    },
    "node_modules/bulma": {
      "version": "0.9.3",
      "resolved": "https://registry.npmjs.org/bulma/-/bulma-0.9.3.tgz",
      "integrity": "sha512-0d7GNW1PY4ud8TWxdNcP6Cc8Bu7MxcntD/RRLGWuiw/s0a9P+XlH/6QoOIrmbj6o8WWJzJYhytiu9nFjTszk1g==",
      "dev": true
    },
    "node_modules/bulma-divider": {
      "version": "0.2.0",
      "resolved": "https://registry.npmjs.org/bulma-divider/-/bulma-divider-0.2.0.tgz",
      "integrity": "sha512-REe3k56GECRfDaqFjC8cwLhV4RxXmV0RubuzDJqwior9wlJcdHlN0qfW0tvUX+qphikaTQegIeRuhjRIAqkjkw==",
      "dev": true
    },
    "node_modules/bulma-helpers": {
      "version": "0.4.2",
      "resolved": "https://registry.npmjs.org/bulma-helpers/-/bulma-helpers-0.4.2.tgz",
      "integrity": "sha512-EAzZHoRbwujCsmtrBWzjI8087at0tIuk58HoR/j5R7n9iXVRJumRUWtRCO/J4Ft+fuxGoV9oZSISLC/neqrnjw==",
      "dev": true
    },
    "node_modules/bulma-steps": {
      "version": "2.2.1",
      "resolved": "https://registry.npmjs.org/bulma-steps/-/bulma-steps-2.2.1.tgz",
      "integrity": "sha512-fD50xz49zPVAfsRNcwBR7rd1lgNdKrcsIXAfVMwMH9A6iDhauOTkiEJOxXj4xZuW/CI6JpV+fCgj5uIuN1lP3Q==",
      "dev": true
    },
    "node_modules/bulma-switch": {
      "version": "2.0.0",
      "resolved": "https://registry.npmjs.org/bulma-switch/-/bulma-switch-2.0.0.tgz",
      "integrity": "sha512-myD38zeUfjmdduq+pXabhJEe3x2hQP48l/OI+Y0fO3HdDynZUY/VJygucvEAJKRjr4HxD5DnEm4yx+oDOBXpAA==",
      "dev": true
    },
    "node_modules/bulma-tooltip": {
      "version": "3.0.2",
      "resolved": "https://registry.npmjs.org/bulma-tooltip/-/bulma-tooltip-3.0.2.tgz",
      "integrity": "sha512-CsT3APjhlZScskFg38n8HYL8oYNUHQtcu4sz6ERarxkUpBRbk9v0h/5KAvXeKapVSn2dp9l7bOGit5SECP8EWQ==",
      "dev": true
    }
  },
  "dependencies": {
    "@cityssm/bulma-a11y": {
      "version": "0.4.0",
      "resolved": "https://registry.npmjs.org/@cityssm/bulma-a11y/-/bulma-a11y-0.4.0.tgz",
      "integrity": "sha512-IZU3D6ZUPvWPVRo4uQ4jDeKZYqiPOQS38MBPu5qPsEUT9QJuXavyeE46nb0EDtjtqmv1dMQjGKa7calA/01ofA==",
      "dev": true
    },
    "@cityssm/bulma-sticky-table": {
      "version": "1.3.0",
      "resolved": "https://registry.npmjs.org/@cityssm/bulma-sticky-table/-/bulma-sticky-table-1.3.0.tgz",
      "integrity": "sha512-1oCATL20SxYwH5iCmq+H7dDH5qHjPTqcpvvoBKZFThd2wEa+kVYyQWRdQrP79MAWik14KmfXA6xAACwdzwpiQg==",
      "dev": true
    },
    "@cityssm/simple-fa5-checkbox": {
      "version": "0.2.1",
      "resolved": "https://registry.npmjs.org/@cityssm/simple-fa5-checkbox/-/simple-fa5-checkbox-0.2.1.tgz",
      "integrity": "sha512-0/jrhjpjbazae/qvEa2WmzzmAtQ0lLHb7NrNcPvqfxrbbFhKuGRkF/4LvhofiXL/oS+n8Tex/tu97cylvj/UMA==",
      "dev": true
    },
    "bulma": {
      "version": "0.9.3",
      "resolved": "https://registry.npmjs.org/bulma/-/bulma-0.9.3.tgz",
      "integrity": "sha512-0d7GNW1PY4ud8TWxdNcP6Cc8Bu7MxcntD/RRLGWuiw/s0a9P+XlH/6QoOIrmbj6o8WWJzJYhytiu9nFjTszk1g==",
      "dev": true
    },
    "bulma-divider": {
      "version": "0.2.0",
      "resolved": "https://registry.npmjs.org/bulma-divider/-/bulma-divider-0.2.0.tgz",
      "integrity": "sha512-REe3k56GECRfDaqFjC8cwLhV4RxXmV0RubuzDJqwior9wlJcdHlN0qfW0tvUX+qphikaTQegIeRuhjRIAqkjkw==",
      "dev": true
    },
    "bulma-helpers": {
      "version": "0.4.2",
      "resolved": "https://registry.npmjs.org/bulma-helpers/-/bulma-helpers-0.4.2.tgz",
      "integrity": "sha512-EAzZHoRbwujCsmtrBWzjI8087at0tIuk58HoR/j5R7n9iXVRJumRUWtRCO/J4Ft+fuxGoV9oZSISLC/neqrnjw==",
      "dev": true
    },
    "bulma-steps": {
      "version": "2.2.1",
      "resolved": "https://registry.npmjs.org/bulma-steps/-/bulma-steps-2.2.1.tgz",
      "integrity": "sha512-fD50xz49zPVAfsRNcwBR7rd1lgNdKrcsIXAfVMwMH9A6iDhauOTkiEJOxXj4xZuW/CI6JpV+fCgj5uIuN1lP3Q==",
      "dev": true
    },
    "bulma-switch": {
      "version": "2.0.0",
      "resolved": "https://registry.npmjs.org/bulma-switch/-/bulma-switch-2.0.0.tgz",
      "integrity": "sha512-myD38zeUfjmdduq+pXabhJEe3x2hQP48l/OI+Y0fO3HdDynZUY/VJygucvEAJKRjr4HxD5DnEm4yx+oDOBXpAA==",
      "dev": true
    },
    "bulma-tooltip": {
      "version": "3.0.2",
      "resolved": "https://registry.npmjs.org/bulma-tooltip/-/bulma-tooltip-3.0.2.tgz",
      "integrity": "sha512-CsT3APjhlZScskFg38n8HYL8oYNUHQtcu4sz6ERarxkUpBRbk9v0h/5KAvXeKapVSn2dp9l7bOGit5SECP8EWQ==",
      "dev": true
    }
  }
}
