{
  "name": "@cityssm/bulma-webapp-css",
  "version": "0.1.0",
  "lockfileVersion": 1,
  "requires": true,
  "dependencies": {
    "@cityssm/bulma-cool-checkboxes": {
      "version": "1.0.1",
      "resolved": "https://registry.npmjs.org/@cityssm/bulma-cool-checkboxes/-/bulma-cool-checkboxes-1.0.1.tgz",
      "integrity": "sha512-vjOw7yQpCYD3lWmJWm1+KK3dcUZamSJ9EUP6w3Z80xAL04WE8uuR+O2qk2cEXuFXmcGAdkvnzCuRq+JBrvBd0A==",
      "requires": {
        "bulma": "^0.8.2"
      }
    },
    "bulma": {
      "version": "0.8.2",
      "resolved": "https://registry.npmjs.org/bulma/-/bulma-0.8.2.tgz",
      "integrity": "sha512-vMM/ijYSxX+Sm+nD7Lmc1UgWDy2JcL2nTKqwgEqXuOMU+IGALbXd5MLt/BcjBAPLIx36TtzhzBcSnOP974gcqA=="
    },
    "bulma-divider": {
      "version": "0.2.0",
      "resolved": "https://registry.npmjs.org/bulma-divider/-/bulma-divider-0.2.0.tgz",
      "integrity": "sha512-REe3k56GECRfDaqFjC8cwLhV4RxXmV0RubuzDJqwior9wlJcdHlN0qfW0tvUX+qphikaTQegIeRuhjRIAqkjkw=="
    },
    "bulma-helpers": {
      "version": "0.3.10",
      "resolved": "https://registry.npmjs.org/bulma-helpers/-/bulma-helpers-0.3.10.tgz",
      "integrity": "sha512-dgJB8LreVzAHJfcbYUUONA0oo/cdWxhFt1b/DlmTLaukYTjkdM5GP9A7DRyssjuRhcozIqzTm//BLLR313Xw3Q=="
    },
    "bulma-steps": {
      "version": "2.2.1",
      "resolved": "https://registry.npmjs.org/bulma-steps/-/bulma-steps-2.2.1.tgz",
      "integrity": "sha512-fD50xz49zPVAfsRNcwBR7rd1lgNdKrcsIXAfVMwMH9A6iDhauOTkiEJOxXj4xZuW/CI6JpV+fCgj5uIuN1lP3Q=="
    },
    "bulma-switch": {
      "version": "2.0.0",
      "resolved": "https://registry.npmjs.org/bulma-switch/-/bulma-switch-2.0.0.tgz",
      "integrity": "sha512-myD38zeUfjmdduq+pXabhJEe3x2hQP48l/OI+Y0fO3HdDynZUY/VJygucvEAJKRjr4HxD5DnEm4yx+oDOBXpAA=="
    },
    "bulma-tooltip": {
      "version": "3.0.2",
      "resolved": "https://registry.npmjs.org/bulma-tooltip/-/bulma-tooltip-3.0.2.tgz",
      "integrity": "sha512-CsT3APjhlZScskFg38n8HYL8oYNUHQtcu4sz6ERarxkUpBRbk9v0h/5KAvXeKapVSn2dp9l7bOGit5SECP8EWQ=="
    }
  }
}
